// !$*UTF8*$!
{
	archiveVersion = 1;
	classes = {
	};
	objectVersion = 46;
	objects = {

/* Begin PBXBuildFile section */
		F04F82401CB7A3930081B268 /* main.m in Sources */ = {isa = PBXBuildFile; fileRef = F04F823F1CB7A3920081B268 /* main.m */; };
		F04F82431CB7A3930081B268 /* AppDelegate.m in Sources */ = {isa = PBXBuildFile; fileRef = F04F82421CB7A3930081B268 /* AppDelegate.m */; };
		F04F82461CB7A3930081B268 /* MasterViewController.m in Sources */ = {isa = PBXBuildFile; fileRef = F04F82451CB7A3930081B268 /* MasterViewController.m */; };
		F04F82491CB7A3930081B268 /* DetailViewController.m in Sources */ = {isa = PBXBuildFile; fileRef = F04F82481CB7A3930081B268 /* DetailViewController.m */; };
		F04F824C1CB7A3930081B268 /* Main.storyboard in Resources */ = {isa = PBXBuildFile; fileRef = F04F824A1CB7A3930081B268 /* Main.storyboard */; };
		F04F824E1CB7A3930081B268 /* Assets.xcassets in Resources */ = {isa = PBXBuildFile; fileRef = F04F824D1CB7A3930081B268 /* Assets.xcassets */; };
		F04F82511CB7A3930081B268 /* LaunchScreen.storyboard in Resources */ = {isa = PBXBuildFile; fileRef = F04F824F1CB7A3930081B268 /* LaunchScreen.storyboard */; };
		F04F825C1CB7A3940081B268 /* IWMTestTests.m in Sources */ = {isa = PBXBuildFile; fileRef = F04F825B1CB7A3940081B268 /* IWMTestTests.m */; };
/* End PBXBuildFile section */

/* Begin PBXContainerItemProxy section */
		F04F82581CB7A3940081B268 /* PBXContainerItemProxy */ = {
			isa = PBXContainerItemProxy;
			containerPortal = F04F82331CB7A3920081B268 /* Project object */;
			proxyType = 1;
			remoteGlobalIDString = F04F823A1CB7A3920081B268;
			remoteInfo = IWMTest;
		};
/* End PBXContainerItemProxy section */

/* Begin PBXFileReference section */
		F04F823B1CB7A3920081B268 /* IWMTest.app */ = {isa = PBXFileReference; explicitFileType = wrapper.application; includeInIndex = 0; path = IWMTest.app; sourceTree = BUILT_PRODUCTS_DIR; };
		F04F823F1CB7A3920081B268 /* main.m */ = {isa = PBXFileReference; lastKnownFileType = sourcecode.c.objc; path = main.m; sourceTree = "<group>"; };
		F04F82411CB7A3930081B268 /* AppDelegate.h */ = {isa = PBXFileReference; lastKnownFileType = sourcecode.c.h; path = AppDelegate.h; sourceTree = "<group>"; };
		F04F82421CB7A3930081B268 /* AppDelegate.m */ = {isa = PBXFileReference; lastKnownFileType = sourcecode.c.objc; path = AppDelegate.m; sourceTree = "<group>"; };
		F04F82441CB7A3930081B268 /* MasterViewController.h */ = {isa = PBXFileReference; lastKnownFileType = sourcecode.c.h; path = MasterViewController.h; sourceTree = "<group>"; };
		F04F82451CB7A3930081B268 /* MasterViewController.m */ = {isa = PBXFileReference; lastKnownFileType = sourcecode.c.objc; path = MasterViewController.m; sourceTree = "<group>"; };
		F04F82471CB7A3930081B268 /* DetailViewController.h */ = {isa = PBXFileReference; lastKnownFileType = sourcecode.c.h; path = DetailViewController.h; sourceTree = "<group>"; };
		F04F82481CB7A3930081B268 /* DetailViewController.m */ = {isa = PBXFileReference; lastKnownFileType = sourcecode.c.objc; path = DetailViewController.m; sourceTree = "<group>"; };
		F04F824B1CB7A3930081B268 /* Base */ = {isa = PBXFileReference; lastKnownFileType = file.storyboard; name = Base; path = Base.lproj/Main.storyboard; sourceTree = "<group>"; };
		F04F824D1CB7A3930081B268 /* Assets.xcassets */ = {isa = PBXFileReference; lastKnownFileType = folder.assetcatalog; path = Assets.xcassets; sourceTree = "<group>"; };
		F04F82501CB7A3930081B268 /* Base */ = {isa = PBXFileReference; lastKnownFileType = file.storyboard; name = Base; path = Base.lproj/LaunchScreen.storyboard; sourceTree = "<group>"; };
		F04F82521CB7A3930081B268 /* Info.plist */ = {isa = PBXFileReference; lastKnownFileType = text.plist.xml; path = Info.plist; sourceTree = "<group>"; };
		F04F82571CB7A3940081B268 /* IWMTestTests.xctest */ = {isa = PBXFileReference; explicitFileType = wrapper.cfbundle; includeInIndex = 0; path = IWMTestTests.xctest; sourceTree = BUILT_PRODUCTS_DIR; };
		F04F825B1CB7A3940081B268 /* IWMTestTests.m */ = {isa = PBXFileReference; lastKnownFileType = sourcecode.c.objc; path = IWMTestTests.m; sourceTree = "<group>"; };
		F04F825D1CB7A3940081B268 /* Info.plist */ = {isa = PBXFileReference; lastKnownFileType = text.plist.xml; path = Info.plist; sourceTree = "<group>"; };
/* End PBXFileReference section */

/* Begin PBXFrameworksBuildPhase section */
		F04F82381CB7A3920081B268 /* Frameworks */ = {
			isa = PBXFrameworksBuildPhase;
			buildActionMask = 2147483647;
			files = (
			);
			runOnlyForDeploymentPostprocessing = 0;
		};
		F04F82541CB7A3940081B268 /* Frameworks */ = {
			isa = PBXFrameworksBuildPhase;
			buildActionMask = 2147483647;
			files = (
			);
			runOnlyForDeploymentPostprocessing = 0;
		};
/* End PBXFrameworksBuildPhase section */

/* Begin PBXGroup section */
		F04F82321CB7A3920081B268 = {
			isa = PBXGroup;
			children = (
				F04F823D1CB7A3920081B268 /* IWMTest */,
				F04F825A1CB7A3940081B268 /* IWMTestTests */,
				F04F823C1CB7A3920081B268 /* Products */,
			);
			sourceTree = "<group>";
		};
		F04F823C1CB7A3920081B268 /* Products */ = {
			isa = PBXGroup;
			children = (
				F04F823B1CB7A3920081B268 /* IWMTest.app */,
				F04F82571CB7A3940081B268 /* IWMTestTests.xctest */,
			);
			name = Products;
			sourceTree = "<group>";
		};
		F04F823D1CB7A3920081B268 /* IWMTest */ = {
			isa = PBXGroup;
			children = (
				F04F82411CB7A3930081B268 /* AppDelegate.h */,
				F04F82421CB7A3930081B268 /* AppDelegate.m */,
				F04F82441CB7A3930081B268 /* MasterViewController.h */,
				F04F82451CB7A3930081B268 /* MasterViewController.m */,
				F04F82471CB7A3930081B268 /* DetailViewController.h */,
				F04F82481CB7A3930081B268 /* DetailViewController.m */,
				F04F824A1CB7A3930081B268 /* Main.storyboard */,
				F04F824D1CB7A3930081B268 /* Assets.xcassets */,
				F04F824F1CB7A3930081B268 /* LaunchScreen.storyboard */,
				F04F82521CB7A3930081B268 /* Info.plist */,
				F04F823E1CB7A3920081B268 /* Supporting Files */,
			);
			path = IWMTest;
			sourceTree = "<group>";
		};
		F04F823E1CB7A3920081B268 /* Supporting Files */ = {
			isa = PBXGroup;
			children = (
				F04F823F1CB7A3920081B268 /* main.m */,
			);
			name = "Supporting Files";
			sourceTree = "<group>";
		};
		F04F825A1CB7A3940081B268 /* IWMTestTests */ = {
			isa = PBXGroup;
			children = (
				F04F825B1CB7A3940081B268 /* IWMTestTests.m */,
				F04F825D1CB7A3940081B268 /* Info.plist */,
			);
			path = IWMTestTests;
			sourceTree = "<group>";
		};
/* End PBXGroup section */

/* Begin PBXNativeTarget section */
		F04F823A1CB7A3920081B268 /* IWMTest */ = {
			isa = PBXNativeTarget;
			buildConfigurationList = F04F82601CB7A3940081B268 /* Build configuration list for PBXNativeTarget "IWMTest" */;
			buildPhases = (
				F04F82371CB7A3920081B268 /* Sources */,
				F04F82381CB7A3920081B268 /* Frameworks */,
				F04F82391CB7A3920081B268 /* Resources */,
			);
			buildRules = (
			);
			dependencies = (
			);
			name = IWMTest;
			productName = IWMTest;
			productReference = F04F823B1CB7A3920081B268 /* IWMTest.app */;
			productType = "com.apple.product-type.application";
		};
		F04F82561CB7A3940081B268 /* IWMTestTests */ = {
			isa = PBXNativeTarget;
			buildConfigurationList = F04F82631CB7A3940081B268 /* Build configuration list for PBXNativeTarget "IWMTestTests" */;
			buildPhases = (
				F04F82531CB7A3940081B268 /* Sources */,
				F04F82541CB7A3940081B268 /* Frameworks */,
				F04F82551CB7A3940081B268 /* Resources */,
			);
			buildRules = (
			);
			dependencies = (
				F04F82591CB7A3940081B268 /* PBXTargetDependency */,
			);
			name = IWMTestTests;
			productName = IWMTestTests;
			productReference = F04F82571CB7A3940081B268 /* IWMTestTests.xctest */;
			productType = "com.apple.product-type.bundle.unit-test";
		};
/* End PBXNativeTarget section */

/* Begin PBXProject section */
		F04F82331CB7A3920081B268 /* Project object */ = {
			isa = PBXProject;
			attributes = {
				LastUpgradeCheck = 0730;
				ORGANIZATIONNAME = "Trevor Doodes";
				TargetAttributes = {
					F04F823A1CB7A3920081B268 = {
						CreatedOnToolsVersion = 7.3;
					};
					F04F82561CB7A3940081B268 = {
						CreatedOnToolsVersion = 7.3;
						TestTargetID = F04F823A1CB7A3920081B268;
					};
				};
			};
			buildConfigurationList = F04F82361CB7A3920081B268 /* Build configuration list for PBXProject "IWMTest" */;
			compatibilityVersion = "Xcode 3.2";
			developmentRegion = English;
			hasScannedForEncodings = 0;
			knownRegions = (
				en,
				Base,
			);
			mainGroup = F04F82321CB7A3920081B268;
			productRefGroup = F04F823C1CB7A3920081B268 /* Products */;
			projectDirPath = "";
			projectRoot = "";
			targets = (
				F04F823A1CB7A3920081B268 /* IWMTest */,
				F04F82561CB7A3940081B268 /* IWMTestTests */,
			);
		};
/* End PBXProject section */

/* Begin PBXResourcesBuildPhase section */
		F04F82391CB7A3920081B268 /* Resources */ = {
			isa = PBXResourcesBuildPhase;
			buildActionMask = 2147483647;
			files = (
				F04F82511CB7A3930081B268 /* LaunchScreen.storyboard in Resources */,
				F04F824E1CB7A3930081B268 /* Assets.xcassets in Resources */,
				F04F824C1CB7A3930081B268 /* Main.storyboard in Resources */,
			);
			runOnlyForDeploymentPostprocessing = 0;
		};
		F04F82551CB7A3940081B268 /* Resources */ = {
			isa = PBXResourcesBuildPhase;
			buildActionMask = 2147483647;
			files = (
			);
			runOnlyForDeploymentPostprocessing = 0;
		};
/* End PBXResourcesBuildPhase section */

/* Begin PBXSourcesBuildPhase section */
		F04F82371CB7A3920081B268 /* Sources */ = {
			isa = PBXSourcesBuildPhase;
			buildActionMask = 2147483647;
			files = (
				F04F82431CB7A3930081B268 /* AppDelegate.m in Sources */,
				F04F82461CB7A3930081B268 /* MasterViewController.m in Sources */,
				F04F82401CB7A3930081B268 /* main.m in Sources */,
				F04F82491CB7A3930081B268 /* DetailViewController.m in Sources */,
			);
			runOnlyForDeploymentPostprocessing = 0;
		};
		F04F82531CB7A3940081B268 /* Sources */ = {
			isa = PBXSourcesBuildPhase;
			buildActionMask = 2147483647;
			files = (
				F04F825C1CB7A3940081B268 /* IWMTestTests.m in Sources */,
			);
			runOnlyForDeploymentPostprocessing = 0;
		};
/* End PBXSourcesBuildPhase section */

/* Begin PBXTargetDependency section */
		F04F82591CB7A3940081B268 /* PBXTargetDependency */ = {
			isa = PBXTargetDependency;
			target = F04F823A1CB7A3920081B268 /* IWMTest */;
			targetProxy = F04F82581CB7A3940081B268 /* PBXContainerItemProxy */;
		};
/* End PBXTargetDependency section */

/* Begin PBXVariantGroup section */
		F04F824A1CB7A3930081B268 /* Main.storyboard */ = {
			isa = PBXVariantGroup;
			children = (
				F04F824B1CB7A3930081B268 /* Base */,
			);
			name = Main.storyboard;
			sourceTree = "<group>";
		};
		F04F824F1CB7A3930081B268 /* LaunchScreen.storyboard */ = {
			isa = PBXVariantGroup;
			children = (
				F04F82501CB7A3930081B268 /* Base */,
			);
			name = LaunchScreen.storyboard;
			sourceTree = "<group>";
		};
/* End PBXVariantGroup section */

/* Begin XCBuildConfiguration section */
		F04F825E1CB7A3940081B268 /* Debug */ = {
			isa = XCBuildConfiguration;
			buildSettings = {
				ALWAYS_SEARCH_USER_PATHS = NO;
				CLANG_ANALYZER_NONNULL = YES;
				CLANG_CXX_LANGUAGE_STANDARD = "gnu++0x";
				CLANG_CXX_LIBRARY = "libc++";
				CLANG_ENABLE_MODULES = YES;
				CLANG_ENABLE_OBJC_ARC = YES;
				CLANG_WARN_BOOL_CONVERSION = YES;
				CLANG_WARN_CONSTANT_CONVERSION = YES;
				CLANG_WARN_DIRECT_OBJC_ISA_USAGE = YES_ERROR;
				CLANG_WARN_EMPTY_BODY = YES;
				CLANG_WARN_ENUM_CONVERSION = YES;
				CLANG_WARN_INT_CONVERSION = YES;
				CLANG_WARN_OBJC_ROOT_CLASS = YES_ERROR;
				CLANG_WARN_UNREACHABLE_CODE = YES;
				CLANG_WARN__DUPLICATE_METHOD_MATCH = YES;
				"CODE_SIGN_IDENTITY[sdk=iphoneos*]" = "iPhone Developer";
				COPY_PHASE_STRIP = NO;
				DEBUG_INFORMATION_FORMAT = dwarf;
				ENABLE_STRICT_OBJC_MSGSEND = YES;
				ENABLE_TESTABILITY = YES;
				GCC_C_LANGUAGE_STANDARD = gnu99;
				GCC_DYNAMIC_NO_PIC = NO;
				GCC_NO_COMMON_BLOCKS = YES;
				GCC_OPTIMIZATION_LEVEL = 0;
				GCC_PREPROCESSOR_DEFINITIONS = (
					"DEBUG=1",
					"$(inherited)",
				);
				GCC_WARN_64_TO_32_BIT_CONVERSION = YES;
				GCC_WARN_ABOUT_RETURN_TYPE = YES_ERROR;
				GCC_WARN_UNDECLARED_SELECTOR = YES;
				GCC_WARN_UNINITIALIZED_AUTOS = YES_AGGRESSIVE;
				GCC_WARN_UNUSED_FUNCTION = YES;
				GCC_WARN_UNUSED_VARIABLE = YES;
				IPHONEOS_DEPLOYMENT_TARGET = 9.3;
				MTL_ENABLE_DEBUG_INFO = YES;
				ONLY_ACTIVE_ARCH = YES;
				SDKROOT = iphoneos;
			};
			name = Debug;
		};
		F04F825F1CB7A3940081B268 /* Release */ = {
			isa = XCBuildConfiguration;
			buildSettings = {
				ALWAYS_SEARCH_USER_PATHS = NO;
				CLANG_ANALYZER_NONNULL = YES;
				CLANG_CXX_LANGUAGE_STANDARD = "gnu++0x";
				CLANG_CXX_LIBRARY = "libc++";
				CLANG_ENABLE_MODULES = YES;
				CLANG_ENABLE_OBJC_ARC = YES;
				CLANG_WARN_BOOL_CONVERSION = YES;
				CLANG_WARN_CONSTANT_CONVERSION = YES;
				CLANG_WARN_DIRECT_OBJC_ISA_USAGE = YES_ERROR;
				CLANG_WARN_EMPTY_BODY = YES;
				CLANG_WARN_ENUM_CONVERSION = YES;
				CLANG_WARN_INT_CONVERSION = YES;
				CLANG_WARN_OBJC_ROOT_CLASS = YES_ERROR;
				CLANG_WARN_UNREACHABLE_CODE = YES;
				CLANG_WARN__DUPLICATE_METHOD_MATCH = YES;
				"CODE_SIGN_IDENTITY[sdk=iphoneos*]" = "iPhone Developer";
				COPY_PHASE_STRIP = NO;
				DEBUG_INFORMATION_FORMAT = "dwarf-with-dsym";
				ENABLE_NS_ASSERTIONS = NO;
				ENABLE_STRICT_OBJC_MSGSEND = YES;
				GCC_C_LANGUAGE_STANDARD = gnu99;
				GCC_NO_COMMON_BLOCKS = YES;
				GCC_WARN_64_TO_32_BIT_CONVERSION = YES;
				GCC_WARN_ABOUT_RETURN_TYPE = YES_ERROR;
				GCC_WARN_UNDECLARED_SELECTOR = YES;
				GCC_WARN_UNINITIALIZED_AUTOS = YES_AGGRESSIVE;
				GCC_WARN_UNUSED_FUNCTION = YES;
				GCC_WARN_UNUSED_VARIABLE = YES;
				IPHONEOS_DEPLOYMENT_TARGET = 9.3;
				MTL_ENABLE_DEBUG_INFO = NO;
				SDKROOT = iphoneos;
				VALIDATE_PRODUCT = YES;
			};
			name = Release;
		};
		F04F82611CB7A3940081B268 /* Debug */ = {
			isa = XCBuildConfiguration;
			buildSettings = {
				ASSETCATALOG_COMPILER_APPICON_NAME = AppIcon;
				INFOPLIST_FILE = IWMTest/Info.plist;
				LD_RUNPATH_SEARCH_PATHS = "$(inherited) @executable_path/Frameworks";
				PRODUCT_BUNDLE_IDENTIFIER = IronworksMediaLimited.IWMTest;
				PRODUCT_NAME = "$(TARGET_NAME)";
			};
			name = Debug;
		};
		F04F82621CB7A3940081B268 /* Release */ = {
			isa = XCBuildConfiguration;
			buildSettings = {
				ASSETCATALOG_COMPILER_APPICON_NAME = AppIcon;
				INFOPLIST_FILE = IWMTest/Info.plist;
				LD_RUNPATH_SEARCH_PATHS = "$(inherited) @executable_path/Frameworks";
				PRODUCT_BUNDLE_IDENTIFIER = IronworksMediaLimited.IWMTest;
				PRODUCT_NAME = "$(TARGET_NAME)";
			};
			name = Release;
		};
		F04F82641CB7A3940081B268 /* Debug */ = {
			isa = XCBuildConfiguration;
			buildSettings = {
				BUNDLE_LOADER = "$(TEST_HOST)";
				INFOPLIST_FILE = IWMTestTests/Info.plist;
				LD_RUNPATH_SEARCH_PATHS = "$(inherited) @executable_path/Frameworks @loader_path/Frameworks";
				PRODUCT_BUNDLE_IDENTIFIER = IronworksMediaLimited.IWMTestTests;
				PRODUCT_NAME = "$(TARGET_NAME)";
				TEST_HOST = "$(BUILT_PRODUCTS_DIR)/IWMTest.app/IWMTest";
			};
			name = Debug;
		};
		F04F82651CB7A3940081B268 /* Release */ = {
			isa = XCBuildConfiguration;
			buildSettings = {
				BUNDLE_LOADER = "$(TEST_HOST)";
				INFOPLIST_FILE = IWMTestTests/Info.plist;
				LD_RUNPATH_SEARCH_PATHS = "$(inherited) @executable_path/Frameworks @loader_path/Frameworks";
				PRODUCT_BUNDLE_IDENTIFIER = IronworksMediaLimited.IWMTestTests;
				PRODUCT_NAME = "$(TARGET_NAME)";
				TEST_HOST = "$(BUILT_PRODUCTS_DIR)/IWMTest.app/IWMTest";
			};
			name = Release;
		};
/* End XCBuildConfiguration section */

/* Begin XCConfigurationList section */
		F04F82361CB7A3920081B268 /* Build configuration list for PBXProject "IWMTest" */ = {
			isa = XCConfigurationList;
			buildConfigurations = (
				F04F825E1CB7A3940081B268 /* Debug */,
				F04F825F1CB7A3940081B268 /* Release */,
			);
			defaultConfigurationIsVisible = 0;
			defaultConfigurationName = Release;
		};
		F04F82601CB7A3940081B268 /* Build configuration list for PBXNativeTarget "IWMTest" */ = {
			isa = XCConfigurationList;
			buildConfigurations = (
				F04F82611CB7A3940081B268 /* Debug */,
				F04F82621CB7A3940081B268 /* Release */,
			);
			defaultConfigurationIsVisible = 0;
		};
		F04F82631CB7A3940081B268 /* Build configuration list for PBXNativeTarget "IWMTestTests" */ = {
			isa = XCConfigurationList;
			buildConfigurations = (
				F04F82641CB7A3940081B268 /* Debug */,
				F04F82651CB7A3940081B268 /* Release */,
			);
			defaultConfigurationIsVisible = 0;
		};
/* End XCConfigurationList section */
	};
	rootObject = F04F82331CB7A3920081B268 /* Project object */;
}
